
Microsoft Visual Studio Solution File, Format Version 12.00
# Visual Studio Version 17
VisualStudioVersion = 17.1.32210.238
MinimumVisualStudioVersion = 10.0.40219.1
Project("{9A19103F-16F7-4668-BE54-9A1E7A4F7556}") = "Autism", "Autism\Autism.csproj", "{122EE6AC-3336-4F79-82F4-824E5C5F7952}"
EndProject
Project("{00D1A9C2-B5F0-4AF3-8072-F6C62B433612}") = "DatabaseAutism", "DatabaseAutism\DatabaseAutism.sqlproj", "{088D79A0-E247-4BDE-9014-1EFAFC05A817}"
EndProject
Global
	GlobalSection(SolutionConfigurationPlatforms) = preSolution
		Debug|Any CPU = Debug|Any CPU
		Release|Any CPU = Release|Any CPU
	EndGlobalSection
	GlobalSection(ProjectConfigurationPlatforms) = postSolution
		{122EE6AC-3336-4F79-82F4-824E5C5F7952}.Debug|Any CPU.ActiveCfg = Debug|Any CPU
		{122EE6AC-3336-4F79-82F4-824E5C5F7952}.Debug|Any CPU.Build.0 = Debug|Any CPU
		{122EE6AC-3336-4F79-82F4-824E5C5F7952}.Release|Any CPU.ActiveCfg = Release|Any CPU
		{122EE6AC-3336-4F79-82F4-824E5C5F7952}.Release|Any CPU.Build.0 = Release|Any CPU
		{088D79A0-E247-4BDE-9014-1EFAFC05A817}.Debug|Any CPU.ActiveCfg = Debug|Any CPU
		{088D79A0-E247-4BDE-9014-1EFAFC05A817}.Debug|Any CPU.Build.0 = Debug|Any CPU
		{088D79A0-E247-4BDE-9014-1EFAFC05A817}.Debug|Any CPU.Deploy.0 = Debug|Any CPU
		{088D79A0-E247-4BDE-9014-1EFAFC05A817}.Release|Any CPU.ActiveCfg = Release|Any CPU
		{088D79A0-E247-4BDE-9014-1EFAFC05A817}.Release|Any CPU.Build.0 = Release|Any CPU
		{088D79A0-E247-4BDE-9014-1EFAFC05A817}.Release|Any CPU.Deploy.0 = Release|Any CPU
	EndGlobalSection
	GlobalSection(SolutionProperties) = preSolution
		HideSolutionNode = FALSE
	EndGlobalSection
	GlobalSection(ExtensibilityGlobals) = postSolution
		SolutionGuid = {3E77EC80-AB90-4083-8A60-1FF85707547A}
	EndGlobalSection
EndGlobal
